
Microsoft Visual Studio Solution File, Format Version 12.00
# Visual Studio Version 16
VisualStudioVersion = 16.0.28516.95
MinimumVisualStudioVersion = 10.0.40219.1
Project("{2150E333-8FDC-42A3-9474-1A3956D46DE8}") = "Runtime", "Runtime", "{038FB511-8882-45E2-BF6A-2FFAA0CCA0EA}"
EndProject
Project("{F184B08F-C81C-45F6-A57F-5ABD9991F28F}") = "W.Runtime.IO", "Runtime\IO\W.Runtime.IO.vbproj", "{3D727E63-90BD-4718-83D3-40ECAC83DF72}"
EndProject
Project("{F184B08F-C81C-45F6-A57F-5ABD9991F28F}") = "W.Runtime.Math", "Runtime\Math\W.Runtime.Math.vbproj", "{C1E4471B-0C73-4FC9-92BF-9A8CC0252B08}"
EndProject
Project("{778DAE3C-4631-46EA-AA77-85C1314464D9}") = "W.Runtime", "Runtime\Runtime\W.Runtime.vbproj", "{8E0D62A7-0B09-4FDF-A7CB-D8BFD69C5F72}"
EndProject
Project("{F184B08F-C81C-45F6-A57F-5ABD9991F28F}") = "W.Runtime.Util", "Runtime\Util\W.Runtime.Util.vbproj", "{89AB8F73-BB38-4B22-AA89-5D782C20C6AA}"
EndProject
Project("{F184B08F-C81C-45F6-A57F-5ABD9991F28F}") = "W.Runtime.Net", "Runtime\Net\W.Runtime.Net.vbproj", "{3C944F46-CBB4-44D9-8D0D-4DA44E18C28D}"
EndProject
Project("{F184B08F-C81C-45F6-A57F-5ABD9991F28F}") = "W.Runtime.Shared", "Runtime\Shared\W.Runtime.Shared.vbproj", "{D188396E-C0A6-4060-A226-C27908E4351A}"
EndProject
Project("{778DAE3C-4631-46EA-AA77-85C1314464D9}") = "W.Interactive", "W.Interactive\W.Interactive.vbproj", "{E75F5B7C-14C6-4FCD-AFCE-E936FF5D18A8}"
EndProject
Project("{778DAE3C-4631-46EA-AA77-85C1314464D9}") = "W.Engine", "W.Engine\W.Engine.vbproj", "{6EFBB4DC-C702-4800-A635-68942226C68F}"
EndProject
Project("{778DAE3C-4631-46EA-AA77-85C1314464D9}") = "W.Compiler", "W.Compiler\W.Compiler.vbproj", "{36F9B656-7F9D-49A1-B352-13D4DD05305A}"
EndProject
Project("{778DAE3C-4631-46EA-AA77-85C1314464D9}") = "W.Wrapper", "W.Wrapper\W.Wrapper.vbproj", "{C0C6907F-33DE-4754-905D-BA6A000B35FC}"
EndProject
Project("{778DAE3C-4631-46EA-AA77-85C1314464D9}") = "W.Tests.Compiler", "Tests\W.Tests.Compiler\W.Tests.Compiler.vbproj", "{5444E195-DE50-44ED-9194-D7E8CCEEE0C9}"
EndProject
Project("{778DAE3C-4631-46EA-AA77-85C1314464D9}") = "W.Tests.Runtime", "Tests\W.Tests.Runtime\W.Tests.Runtime.vbproj", "{2AD9D1FC-C5FA-42C3-9EAE-AEF64E468C9D}"
EndProject
Global
	GlobalSection(SolutionConfigurationPlatforms) = preSolution
		Debug|Any CPU = Debug|Any CPU
		Release|Any CPU = Release|Any CPU
	EndGlobalSection
	GlobalSection(ProjectConfigurationPlatforms) = postSolution
		{3D727E63-90BD-4718-83D3-40ECAC83DF72}.Debug|Any CPU.ActiveCfg = Debug|Any CPU
		{3D727E63-90BD-4718-83D3-40ECAC83DF72}.Debug|Any CPU.Build.0 = Debug|Any CPU
		{3D727E63-90BD-4718-83D3-40ECAC83DF72}.Release|Any CPU.ActiveCfg = Release|Any CPU
		{3D727E63-90BD-4718-83D3-40ECAC83DF72}.Release|Any CPU.Build.0 = Release|Any CPU
		{C1E4471B-0C73-4FC9-92BF-9A8CC0252B08}.Debug|Any CPU.ActiveCfg = Debug|Any CPU
		{C1E4471B-0C73-4FC9-92BF-9A8CC0252B08}.Debug|Any CPU.Build.0 = Debug|Any CPU
		{C1E4471B-0C73-4FC9-92BF-9A8CC0252B08}.Release|Any CPU.ActiveCfg = Release|Any CPU
		{C1E4471B-0C73-4FC9-92BF-9A8CC0252B08}.Release|Any CPU.Build.0 = Release|Any CPU
		{8E0D62A7-0B09-4FDF-A7CB-D8BFD69C5F72}.Debug|Any CPU.ActiveCfg = Debug|Any CPU
		{8E0D62A7-0B09-4FDF-A7CB-D8BFD69C5F72}.Debug|Any CPU.Build.0 = Debug|Any CPU
		{8E0D62A7-0B09-4FDF-A7CB-D8BFD69C5F72}.Release|Any CPU.ActiveCfg = Release|Any CPU
		{8E0D62A7-0B09-4FDF-A7CB-D8BFD69C5F72}.Release|Any CPU.Build.0 = Release|Any CPU
		{89AB8F73-BB38-4B22-AA89-5D782C20C6AA}.Debug|Any CPU.ActiveCfg = Debug|Any CPU
		{89AB8F73-BB38-4B22-AA89-5D782C20C6AA}.Debug|Any CPU.Build.0 = Debug|Any CPU
		{89AB8F73-BB38-4B22-AA89-5D782C20C6AA}.Release|Any CPU.ActiveCfg = Release|Any CPU
		{89AB8F73-BB38-4B22-AA89-5D782C20C6AA}.Release|Any CPU.Build.0 = Release|Any CPU
		{3C944F46-CBB4-44D9-8D0D-4DA44E18C28D}.Debug|Any CPU.ActiveCfg = Debug|Any CPU
		{3C944F46-CBB4-44D9-8D0D-4DA44E18C28D}.Debug|Any CPU.Build.0 = Debug|Any CPU
		{3C944F46-CBB4-44D9-8D0D-4DA44E18C28D}.Release|Any CPU.ActiveCfg = Release|Any CPU
		{3C944F46-CBB4-44D9-8D0D-4DA44E18C28D}.Release|Any CPU.Build.0 = Release|Any CPU
		{D188396E-C0A6-4060-A226-C27908E4351A}.Debug|Any CPU.ActiveCfg = Debug|Any CPU
		{D188396E-C0A6-4060-A226-C27908E4351A}.Debug|Any CPU.Build.0 = Debug|Any CPU
		{D188396E-C0A6-4060-A226-C27908E4351A}.Release|Any CPU.ActiveCfg = Release|Any CPU
		{D188396E-C0A6-4060-A226-C27908E4351A}.Release|Any CPU.Build.0 = Release|Any CPU
		{E75F5B7C-14C6-4FCD-AFCE-E936FF5D18A8}.Debug|Any CPU.ActiveCfg = Debug|Any CPU
		{E75F5B7C-14C6-4FCD-AFCE-E936FF5D18A8}.Debug|Any CPU.Build.0 = Debug|Any CPU
		{E75F5B7C-14C6-4FCD-AFCE-E936FF5D18A8}.Release|Any CPU.ActiveCfg = Release|Any CPU
		{E75F5B7C-14C6-4FCD-AFCE-E936FF5D18A8}.Release|Any CPU.Build.0 = Release|Any CPU
		{6EFBB4DC-C702-4800-A635-68942226C68F}.Debug|Any CPU.ActiveCfg = Debug|Any CPU
		{6EFBB4DC-C702-4800-A635-68942226C68F}.Debug|Any CPU.Build.0 = Debug|Any CPU
		{6EFBB4DC-C702-4800-A635-68942226C68F}.Release|Any CPU.ActiveCfg = Release|Any CPU
		{6EFBB4DC-C702-4800-A635-68942226C68F}.Release|Any CPU.Build.0 = Release|Any CPU
		{36F9B656-7F9D-49A1-B352-13D4DD05305A}.Debug|Any CPU.ActiveCfg = Debug|Any CPU
		{36F9B656-7F9D-49A1-B352-13D4DD05305A}.Debug|Any CPU.Build.0 = Debug|Any CPU
		{36F9B656-7F9D-49A1-B352-13D4DD05305A}.Release|Any CPU.ActiveCfg = Release|Any CPU
		{36F9B656-7F9D-49A1-B352-13D4DD05305A}.Release|Any CPU.Build.0 = Release|Any CPU
		{C0C6907F-33DE-4754-905D-BA6A000B35FC}.Debug|Any CPU.ActiveCfg = Debug|Any CPU
		{C0C6907F-33DE-4754-905D-BA6A000B35FC}.Debug|Any CPU.Build.0 = Debug|Any CPU
		{C0C6907F-33DE-4754-905D-BA6A000B35FC}.Release|Any CPU.ActiveCfg = Release|Any CPU
		{C0C6907F-33DE-4754-905D-BA6A000B35FC}.Release|Any CPU.Build.0 = Release|Any CPU
		{5444E195-DE50-44ED-9194-D7E8CCEEE0C9}.Debug|Any CPU.ActiveCfg = Debug|Any CPU
		{5444E195-DE50-44ED-9194-D7E8CCEEE0C9}.Debug|Any CPU.Build.0 = Debug|Any CPU
		{5444E195-DE50-44ED-9194-D7E8CCEEE0C9}.Release|Any CPU.ActiveCfg = Release|Any CPU
		{5444E195-DE50-44ED-9194-D7E8CCEEE0C9}.Release|Any CPU.Build.0 = Release|Any CPU
		{2AD9D1FC-C5FA-42C3-9EAE-AEF64E468C9D}.Debug|Any CPU.ActiveCfg = Debug|Any CPU
		{2AD9D1FC-C5FA-42C3-9EAE-AEF64E468C9D}.Debug|Any CPU.Build.0 = Debug|Any CPU
		{2AD9D1FC-C5FA-42C3-9EAE-AEF64E468C9D}.Release|Any CPU.ActiveCfg = Release|Any CPU
		{2AD9D1FC-C5FA-42C3-9EAE-AEF64E468C9D}.Release|Any CPU.Build.0 = Release|Any CPU
	EndGlobalSection
	GlobalSection(SolutionProperties) = preSolution
		HideSolutionNode = FALSE
	EndGlobalSection
	GlobalSection(NestedProjects) = preSolution
		{3D727E63-90BD-4718-83D3-40ECAC83DF72} = {038FB511-8882-45E2-BF6A-2FFAA0CCA0EA}
		{C1E4471B-0C73-4FC9-92BF-9A8CC0252B08} = {038FB511-8882-45E2-BF6A-2FFAA0CCA0EA}
		{8E0D62A7-0B09-4FDF-A7CB-D8BFD69C5F72} = {038FB511-8882-45E2-BF6A-2FFAA0CCA0EA}
		{89AB8F73-BB38-4B22-AA89-5D782C20C6AA} = {038FB511-8882-45E2-BF6A-2FFAA0CCA0EA}
		{3C944F46-CBB4-44D9-8D0D-4DA44E18C28D} = {038FB511-8882-45E2-BF6A-2FFAA0CCA0EA}
		{D188396E-C0A6-4060-A226-C27908E4351A} = {038FB511-8882-45E2-BF6A-2FFAA0CCA0EA}
	EndGlobalSection
	GlobalSection(ExtensibilityGlobals) = postSolution
		SolutionGuid = {BFA21B1F-912C-4652-8CB8-35E77430F46D}
	EndGlobalSection
EndGlobal
